
Microsoft Visual Studio Solution File, Format Version 12.00
# Visual Studio Version 17
VisualStudioVersion = 17.8.34316.72
MinimumVisualStudioVersion = 10.0.40219.1
Project("{FAE04EC0-301F-11D3-BF4B-00C04F79EFBC}") = "Homework_academyTOP_cs", "Homework_academyTOP_cs\Homework_academyTOP_cs.csproj", "{2919903B-6B17-49C3-A18B-BB27078EBF6C}"
EndProject
Global
	GlobalSection(SolutionConfigurationPlatforms) = preSolution
		Debug|Any CPU = Debug|Any CPU
		Release|Any CPU = Release|Any CPU
	EndGlobalSection
	GlobalSection(ProjectConfigurationPlatforms) = postSolution
		{2919903B-6B17-49C3-A18B-BB27078EBF6C}.Debug|Any CPU.ActiveCfg = Debug|Any CPU
		{2919903B-6B17-49C3-A18B-BB27078EBF6C}.Debug|Any CPU.Build.0 = Debug|Any CPU
		{2919903B-6B17-49C3-A18B-BB27078EBF6C}.Release|Any CPU.ActiveCfg = Release|Any CPU
		{2919903B-6B17-49C3-A18B-BB27078EBF6C}.Release|Any CPU.Build.0 = Release|Any CPU
	EndGlobalSection
	GlobalSection(SolutionProperties) = preSolution
		HideSolutionNode = FALSE
	EndGlobalSection
	GlobalSection(ExtensibilityGlobals) = postSolution
		SolutionGuid = {B8951C46-9CC6-414B-BF40-216631D89ED5}
	EndGlobalSection
EndGlobal
